
Microsoft Visual Studio Solution File, Format Version 12.00
# Visual Studio Version 17
VisualStudioVersion = 17.0.31903.59
MinimumVisualStudioVersion = 10.0.40219.1
Project("{2150E333-8FDC-42A3-9474-1A3956D46DE8}") = "src", "src", "{827E0CD3-B72D-47B6-A68D-7590B98EB39B}"
EndProject
Project("{FAE04EC0-301F-11D3-BF4B-00C04F79EFBC}") = "Itms.AppHost", "src\Itms.AppHost\Itms.AppHost.csproj", "{E719FF2A-88FF-4560-9BA4-BDBC1208ADDC}"
EndProject
Project("{FAE04EC0-301F-11D3-BF4B-00C04F79EFBC}") = "Itms.ServiceDefaults", "src\Itms.ServiceDefaults\Itms.ServiceDefaults.csproj", "{CEECFD38-4794-4AA5-86E1-77A1D4E74FC5}"
EndProject
Project("{FAE04EC0-301F-11D3-BF4B-00C04F79EFBC}") = "Itms.Web.Host", "src\Itms.Web.Host\Itms.Web.Host.csproj", "{B50AFC59-8C75-4983-9058-0DB52FD6B5B7}"
EndProject
Project("{FAE04EC0-301F-11D3-BF4B-00C04F79EFBC}") = "Itms.Platform", "src\Itms.Platform\Itms.Platform.csproj", "{34407592-CBD5-4C6B-94F4-198F06EB8846}"
EndProject
Project("{FAE04EC0-301F-11D3-BF4B-00C04F79EFBC}") = "Itms.Contracts", "src\Itms.Contracts\Itms.Contracts.csproj", "{69677024-E100-4AF9-994B-09513CBD6F0F}"
EndProject
Project("{2150E333-8FDC-42A3-9474-1A3956D46DE8}") = "Modules", "Modules", "{EC447DCF-ABFA-6E24-52A5-D7FD48A5C558}"
EndProject
Project("{FAE04EC0-301F-11D3-BF4B-00C04F79EFBC}") = "Itms.Modules.Alerts", "src\Modules\Itms.Modules.Alerts\Itms.Modules.Alerts.csproj", "{78D7A6C3-DBFE-4B06-920C-32D01ADDCC6C}"
EndProject
Project("{FAE04EC0-301F-11D3-BF4B-00C04F79EFBC}") = "Itms.Modules.Assets", "src\Modules\Itms.Modules.Assets\Itms.Modules.Assets.csproj", "{FB97EBEC-4E3D-4442-BEA8-CEAC6C7E9D86}"
EndProject
Project("{FAE04EC0-301F-11D3-BF4B-00C04F79EFBC}") = "Itms.Modules.Audit", "src\Modules\Itms.Modules.Audit\Itms.Modules.Audit.csproj", "{8CBB3469-FE9C-414B-8883-8AA0CC2484DB}"
EndProject
Project("{FAE04EC0-301F-11D3-BF4B-00C04F79EFBC}") = "Itms.Modules.Directory", "src\Modules\Itms.Modules.Directory\Itms.Modules.Directory.csproj", "{9BD0D7A9-1B17-42CD-9FED-C86A8A7A370E}"
EndProject
Project("{FAE04EC0-301F-11D3-BF4B-00C04F79EFBC}") = "Itms.Modules.Helpdesk", "src\Modules\Itms.Modules.Helpdesk\Itms.Modules.Helpdesk.csproj", "{6656343B-651C-4FAF-A328-C191E1092683}"
EndProject
Project("{FAE04EC0-301F-11D3-BF4B-00C04F79EFBC}") = "Itms.Modules.Identity", "src\Modules\Itms.Modules.Identity\Itms.Modules.Identity.csproj", "{85C3F21E-9E5C-41B7-9D94-A716B394A43A}"
EndProject
Project("{FAE04EC0-301F-11D3-BF4B-00C04F79EFBC}") = "Itms.Modules.Knowledge", "src\Modules\Itms.Modules.Knowledge\Itms.Modules.Knowledge.csproj", "{E085A1AA-7354-412A-A4FA-CD5D8602C80D}"
EndProject
Project("{FAE04EC0-301F-11D3-BF4B-00C04F79EFBC}") = "Itms.Modules.Monitoring", "src\Modules\Itms.Modules.Monitoring\Itms.Modules.Monitoring.csproj", "{4B766528-357B-4E69-8C72-A7EA93F80EA0}"
EndProject
Project("{FAE04EC0-301F-11D3-BF4B-00C04F79EFBC}") = "Itms.Modules.Notifications", "src\Modules\Itms.Modules.Notifications\Itms.Modules.Notifications.csproj", "{13DB9E03-48C5-4E2C-95F6-61A4154B447D}"
EndProject
Project("{FAE04EC0-301F-11D3-BF4B-00C04F79EFBC}") = "Itms.Modules.Reporting", "src\Modules\Itms.Modules.Reporting\Itms.Modules.Reporting.csproj", "{971E4878-6111-46CA-BC05-23715B017552}"
EndProject
Project("{FAE04EC0-301F-11D3-BF4B-00C04F79EFBC}") = "Itms.Modules.Search", "src\Modules\Itms.Modules.Search\Itms.Modules.Search.csproj", "{2E18E192-4F54-4452-A6ED-3BF9EAFC4EA0}"
EndProject
Project("{2150E333-8FDC-42A3-9474-1A3956D46DE8}") = "tests", "tests", "{0AB3BF05-4346-4AA6-1389-037BE0695223}"
EndProject
Project("{FAE04EC0-301F-11D3-BF4B-00C04F79EFBC}") = "Itms.ArchitectureTests", "tests\Itms.ArchitectureTests\Itms.ArchitectureTests.csproj", "{F29F446B-2ABA-4940-B10E-8D8207A49433}"
EndProject
Project("{FAE04EC0-301F-11D3-BF4B-00C04F79EFBC}") = "Itms.IntegrationTests", "tests\Itms.IntegrationTests\Itms.IntegrationTests.csproj", "{0E02F825-5804-4375-B20A-351CAF7D847F}"
EndProject
Project("{FAE04EC0-301F-11D3-BF4B-00C04F79EFBC}") = "Itms.UnitTests", "tests\Itms.UnitTests\Itms.UnitTests.csproj", "{23381EA3-75E9-4FF9-A5F7-17F299C0A93D}"
EndProject
Global
	GlobalSection(SolutionConfigurationPlatforms) = preSolution
		Debug|Any CPU = Debug|Any CPU
		Debug|x64 = Debug|x64
		Debug|x86 = Debug|x86
		Release|Any CPU = Release|Any CPU
		Release|x64 = Release|x64
		Release|x86 = Release|x86
	EndGlobalSection
	GlobalSection(ProjectConfigurationPlatforms) = postSolution
		{E719FF2A-88FF-4560-9BA4-BDBC1208ADDC}.Debug|Any CPU.ActiveCfg = Debug|Any CPU
		{E719FF2A-88FF-4560-9BA4-BDBC1208ADDC}.Debug|Any CPU.Build.0 = Debug|Any CPU
		{E719FF2A-88FF-4560-9BA4-BDBC1208ADDC}.Debug|x64.ActiveCfg = Debug|Any CPU
		{E719FF2A-88FF-4560-9BA4-BDBC1208ADDC}.Debug|x64.Build.0 = Debug|Any CPU
		{E719FF2A-88FF-4560-9BA4-BDBC1208ADDC}.Debug|x86.ActiveCfg = Debug|Any CPU
		{E719FF2A-88FF-4560-9BA4-BDBC1208ADDC}.Debug|x86.Build.0 = Debug|Any CPU
		{E719FF2A-88FF-4560-9BA4-BDBC1208ADDC}.Release|Any CPU.ActiveCfg = Release|Any CPU
		{E719FF2A-88FF-4560-9BA4-BDBC1208ADDC}.Release|Any CPU.Build.0 = Release|Any CPU
		{E719FF2A-88FF-4560-9BA4-BDBC1208ADDC}.Release|x64.ActiveCfg = Release|Any CPU
		{E719FF2A-88FF-4560-9BA4-BDBC1208ADDC}.Release|x64.Build.0 = Release|Any CPU
		{E719FF2A-88FF-4560-9BA4-BDBC1208ADDC}.Release|x86.ActiveCfg = Release|Any CPU
		{E719FF2A-88FF-4560-9BA4-BDBC1208ADDC}.Release|x86.Build.0 = Release|Any CPU
		{CEECFD38-4794-4AA5-86E1-77A1D4E74FC5}.Debug|Any CPU.ActiveCfg = Debug|Any CPU
		{CEECFD38-4794-4AA5-86E1-77A1D4E74FC5}.Debug|Any CPU.Build.0 = Debug|Any CPU
		{CEECFD38-4794-4AA5-86E1-77A1D4E74FC5}.Debug|x64.ActiveCfg = Debug|Any CPU
		{CEECFD38-4794-4AA5-86E1-77A1D4E74FC5}.Debug|x64.Build.0 = Debug|Any CPU
		{CEECFD38-4794-4AA5-86E1-77A1D4E74FC5}.Debug|x86.ActiveCfg = Debug|Any CPU
		{CEECFD38-4794-4AA5-86E1-77A1D4E74FC5}.Debug|x86.Build.0 = Debug|Any CPU
		{CEECFD38-4794-4AA5-86E1-77A1D4E74FC5}.Release|Any CPU.ActiveCfg = Release|Any CPU
		{CEECFD38-4794-4AA5-86E1-77A1D4E74FC5}.Release|Any CPU.Build.0 = Release|Any CPU
		{CEECFD38-4794-4AA5-86E1-77A1D4E74FC5}.Release|x64.ActiveCfg = Release|Any CPU
		{CEECFD38-4794-4AA5-86E1-77A1D4E74FC5}.Release|x64.Build.0 = Release|Any CPU
		{CEECFD38-4794-4AA5-86E1-77A1D4E74FC5}.Release|x86.ActiveCfg = Release|Any CPU
		{CEECFD38-4794-4AA5-86E1-77A1D4E74FC5}.Release|x86.Build.0 = Release|Any CPU
		{B50AFC59-8C75-4983-9058-0DB52FD6B5B7}.Debug|Any CPU.ActiveCfg = Debug|Any CPU
		{B50AFC59-8C75-4983-9058-0DB52FD6B5B7}.Debug|Any CPU.Build.0 = Debug|Any CPU
		{B50AFC59-8C75-4983-9058-0DB52FD6B5B7}.Debug|x64.ActiveCfg = Debug|Any CPU
		{B50AFC59-8C75-4983-9058-0DB52FD6B5B7}.Debug|x64.Build.0 = Debug|Any CPU
		{B50AFC59-8C75-4983-9058-0DB52FD6B5B7}.Debug|x86.ActiveCfg = Debug|Any CPU
		{B50AFC59-8C75-4983-9058-0DB52FD6B5B7}.Debug|x86.Build.0 = Debug|Any CPU
		{B50AFC59-8C75-4983-9058-0DB52FD6B5B7}.Release|Any CPU.ActiveCfg = Release|Any CPU
		{B50AFC59-8C75-4983-9058-0DB52FD6B5B7}.Release|Any CPU.Build.0 = Release|Any CPU
		{B50AFC59-8C75-4983-9058-0DB52FD6B5B7}.Release|x64.ActiveCfg = Release|Any CPU
		{B50AFC59-8C75-4983-9058-0DB52FD6B5B7}.Release|x64.Build.0 = Release|Any CPU
		{B50AFC59-8C75-4983-9058-0DB52FD6B5B7}.Release|x86.ActiveCfg = Release|Any CPU
		{B50AFC59-8C75-4983-9058-0DB52FD6B5B7}.Release|x86.Build.0 = Release|Any CPU
		{34407592-CBD5-4C6B-94F4-198F06EB8846}.Debug|Any CPU.ActiveCfg = Debug|Any CPU
		{34407592-CBD5-4C6B-94F4-198F06EB8846}.Debug|Any CPU.Build.0 = Debug|Any CPU
		{34407592-CBD5-4C6B-94F4-198F06EB8846}.Debug|x64.ActiveCfg = Debug|Any CPU
		{34407592-CBD5-4C6B-94F4-198F06EB8846}.Debug|x64.Build.0 = Debug|Any CPU
		{34407592-CBD5-4C6B-94F4-198F06EB8846}.Debug|x86.ActiveCfg = Debug|Any CPU
		{34407592-CBD5-4C6B-94F4-198F06EB8846}.Debug|x86.Build.0 = Debug|Any CPU
		{34407592-CBD5-4C6B-94F4-198F06EB8846}.Release|Any CPU.ActiveCfg = Release|Any CPU
		{34407592-CBD5-4C6B-94F4-198F06EB8846}.Release|Any CPU.Build.0 = Release|Any CPU
		{34407592-CBD5-4C6B-94F4-198F06EB8846}.Release|x64.ActiveCfg = Release|Any CPU
		{34407592-CBD5-4C6B-94F4-198F06EB8846}.Release|x64.Build.0 = Release|Any CPU
		{34407592-CBD5-4C6B-94F4-198F06EB8846}.Release|x86.ActiveCfg = Release|Any CPU
		{34407592-CBD5-4C6B-94F4-198F06EB8846}.Release|x86.Build.0 = Release|Any CPU
		{69677024-E100-4AF9-994B-09513CBD6F0F}.Debug|Any CPU.ActiveCfg = Debug|Any CPU
		{69677024-E100-4AF9-994B-09513CBD6F0F}.Debug|Any CPU.Build.0 = Debug|Any CPU
		{69677024-E100-4AF9-994B-09513CBD6F0F}.Debug|x64.ActiveCfg = Debug|Any CPU
		{69677024-E100-4AF9-994B-09513CBD6F0F}.Debug|x64.Build.0 = Debug|Any CPU
		{69677024-E100-4AF9-994B-09513CBD6F0F}.Debug|x86.ActiveCfg = Debug|Any CPU
		{69677024-E100-4AF9-994B-09513CBD6F0F}.Debug|x86.Build.0 = Debug|Any CPU
		{69677024-E100-4AF9-994B-09513CBD6F0F}.Release|Any CPU.ActiveCfg = Release|Any CPU
		{69677024-E100-4AF9-994B-09513CBD6F0F}.Release|Any CPU.Build.0 = Release|Any CPU
		{69677024-E100-4AF9-994B-09513CBD6F0F}.Release|x64.ActiveCfg = Release|Any CPU
		{69677024-E100-4AF9-994B-09513CBD6F0F}.Release|x64.Build.0 = Release|Any CPU
		{69677024-E100-4AF9-994B-09513CBD6F0F}.Release|x86.ActiveCfg = Release|Any CPU
		{69677024-E100-4AF9-994B-09513CBD6F0F}.Release|x86.Build.0 = Release|Any CPU
		{78D7A6C3-DBFE-4B06-920C-32D01ADDCC6C}.Debug|Any CPU.ActiveCfg = Debug|Any CPU
		{78D7A6C3-DBFE-4B06-920C-32D01ADDCC6C}.Debug|Any CPU.Build.0 = Debug|Any CPU
		{78D7A6C3-DBFE-4B06-920C-32D01ADDCC6C}.Debug|x64.ActiveCfg = Debug|Any CPU
		{78D7A6C3-DBFE-4B06-920C-32D01ADDCC6C}.Debug|x64.Build.0 = Debug|Any CPU
		{78D7A6C3-DBFE-4B06-920C-32D01ADDCC6C}.Debug|x86.ActiveCfg = Debug|Any CPU
		{78D7A6C3-DBFE-4B06-920C-32D01ADDCC6C}.Debug|x86.Build.0 = Debug|Any CPU
		{78D7A6C3-DBFE-4B06-920C-32D01ADDCC6C}.Release|Any CPU.ActiveCfg = Release|Any CPU
		{78D7A6C3-DBFE-4B06-920C-32D01ADDCC6C}.Release|Any CPU.Build.0 = Release|Any CPU
		{78D7A6C3-DBFE-4B06-920C-32D01ADDCC6C}.Release|x64.ActiveCfg = Release|Any CPU
		{78D7A6C3-DBFE-4B06-920C-32D01ADDCC6C}.Release|x64.Build.0 = Release|Any CPU
		{78D7A6C3-DBFE-4B06-920C-32D01ADDCC6C}.Release|x86.ActiveCfg = Release|Any CPU
		{78D7A6C3-DBFE-4B06-920C-32D01ADDCC6C}.Release|x86.Build.0 = Release|Any CPU
		{FB97EBEC-4E3D-4442-BEA8-CEAC6C7E9D86}.Debug|Any CPU.ActiveCfg = Debug|Any CPU
		{FB97EBEC-4E3D-4442-BEA8-CEAC6C7E9D86}.Debug|Any CPU.Build.0 = Debug|Any CPU
		{FB97EBEC-4E3D-4442-BEA8-CEAC6C7E9D86}.Debug|x64.ActiveCfg = Debug|Any CPU
		{FB97EBEC-4E3D-4442-BEA8-CEAC6C7E9D86}.Debug|x64.Build.0 = Debug|Any CPU
		{FB97EBEC-4E3D-4442-BEA8-CEAC6C7E9D86}.Debug|x86.ActiveCfg = Debug|Any CPU
		{FB97EBEC-4E3D-4442-BEA8-CEAC6C7E9D86}.Debug|x86.Build.0 = Debug|Any CPU
		{FB97EBEC-4E3D-4442-BEA8-CEAC6C7E9D86}.Release|Any CPU.ActiveCfg = Release|Any CPU
		{FB97EBEC-4E3D-4442-BEA8-CEAC6C7E9D86}.Release|Any CPU.Build.0 = Release|Any CPU
		{FB97EBEC-4E3D-4442-BEA8-CEAC6C7E9D86}.Release|x64.ActiveCfg = Release|Any CPU
		{FB97EBEC-4E3D-4442-BEA8-CEAC6C7E9D86}.Release|x64.Build.0 = Release|Any CPU
		{FB97EBEC-4E3D-4442-BEA8-CEAC6C7E9D86}.Release|x86.ActiveCfg = Release|Any CPU
		{FB97EBEC-4E3D-4442-BEA8-CEAC6C7E9D86}.Release|x86.Build.0 = Release|Any CPU
		{8CBB3469-FE9C-414B-8883-8AA0CC2484DB}.Debug|Any CPU.ActiveCfg = Debug|Any CPU
		{8CBB3469-FE9C-414B-8883-8AA0CC2484DB}.Debug|Any CPU.Build.0 = Debug|Any CPU
		{8CBB3469-FE9C-414B-8883-8AA0CC2484DB}.Debug|x64.ActiveCfg = Debug|Any CPU
		{8CBB3469-FE9C-414B-8883-8AA0CC2484DB}.Debug|x64.Build.0 = Debug|Any CPU
		{8CBB3469-FE9C-414B-8883-8AA0CC2484DB}.Debug|x86.ActiveCfg = Debug|Any CPU
		{8CBB3469-FE9C-414B-8883-8AA0CC2484DB}.Debug|x86.Build.0 = Debug|Any CPU
		{8CBB3469-FE9C-414B-8883-8AA0CC2484DB}.Release|Any CPU.ActiveCfg = Release|Any CPU
		{8CBB3469-FE9C-414B-8883-8AA0CC2484DB}.Release|Any CPU.Build.0 = Release|Any CPU
		{8CBB3469-FE9C-414B-8883-8AA0CC2484DB}.Release|x64.ActiveCfg = Release|Any CPU
		{8CBB3469-FE9C-414B-8883-8AA0CC2484DB}.Release|x64.Build.0 = Release|Any CPU
		{8CBB3469-FE9C-414B-8883-8AA0CC2484DB}.Release|x86.ActiveCfg = Release|Any CPU
		{8CBB3469-FE9C-414B-8883-8AA0CC2484DB}.Release|x86.Build.0 = Release|Any CPU
		{9BD0D7A9-1B17-42CD-9FED-C86A8A7A370E}.Debug|Any CPU.ActiveCfg = Debug|Any CPU
		{9BD0D7A9-1B17-42CD-9FED-C86A8A7A370E}.Debug|Any CPU.Build.0 = Debug|Any CPU
		{9BD0D7A9-1B17-42CD-9FED-C86A8A7A370E}.Debug|x64.ActiveCfg = Debug|Any CPU
		{9BD0D7A9-1B17-42CD-9FED-C86A8A7A370E}.Debug|x64.Build.0 = Debug|Any CPU
		{9BD0D7A9-1B17-42CD-9FED-C86A8A7A370E}.Debug|x86.ActiveCfg = Debug|Any CPU
		{9BD0D7A9-1B17-42CD-9FED-C86A8A7A370E}.Debug|x86.Build.0 = Debug|Any CPU
		{9BD0D7A9-1B17-42CD-9FED-C86A8A7A370E}.Release|Any CPU.ActiveCfg = Release|Any CPU
		{9BD0D7A9-1B17-42CD-9FED-C86A8A7A370E}.Release|Any CPU.Build.0 = Release|Any CPU
		{9BD0D7A9-1B17-42CD-9FED-C86A8A7A370E}.Release|x64.ActiveCfg = Release|Any CPU
		{9BD0D7A9-1B17-42CD-9FED-C86A8A7A370E}.Release|x64.Build.0 = Release|Any CPU
		{9BD0D7A9-1B17-42CD-9FED-C86A8A7A370E}.Release|x86.ActiveCfg = Release|Any CPU
		{9BD0D7A9-1B17-42CD-9FED-C86A8A7A370E}.Release|x86.Build.0 = Release|Any CPU
		{6656343B-651C-4FAF-A328-C191E1092683}.Debug|Any CPU.ActiveCfg = Debug|Any CPU
		{6656343B-651C-4FAF-A328-C191E1092683}.Debug|Any CPU.Build.0 = Debug|Any CPU
		{6656343B-651C-4FAF-A328-C191E1092683}.Debug|x64.ActiveCfg = Debug|Any CPU
		{6656343B-651C-4FAF-A328-C191E1092683}.Debug|x64.Build.0 = Debug|Any CPU
		{6656343B-651C-4FAF-A328-C191E1092683}.Debug|x86.ActiveCfg = Debug|Any CPU
		{6656343B-651C-4FAF-A328-C191E1092683}.Debug|x86.Build.0 = Debug|Any CPU
		{6656343B-651C-4FAF-A328-C191E1092683}.Release|Any CPU.ActiveCfg = Release|Any CPU
		{6656343B-651C-4FAF-A328-C191E1092683}.Release|Any CPU.Build.0 = Release|Any CPU
		{6656343B-651C-4FAF-A328-C191E1092683}.Release|x64.ActiveCfg = Release|Any CPU
		{6656343B-651C-4FAF-A328-C191E1092683}.Release|x64.Build.0 = Release|Any CPU
		{6656343B-651C-4FAF-A328-C191E1092683}.Release|x86.ActiveCfg = Release|Any CPU
		{6656343B-651C-4FAF-A328-C191E1092683}.Release|x86.Build.0 = Release|Any CPU
		{85C3F21E-9E5C-41B7-9D94-A716B394A43A}.Debug|Any CPU.ActiveCfg = Debug|Any CPU
		{85C3F21E-9E5C-41B7-9D94-A716B394A43A}.Debug|Any CPU.Build.0 = Debug|Any CPU
		{85C3F21E-9E5C-41B7-9D94-A716B394A43A}.Debug|x64.ActiveCfg = Debug|Any CPU
		{85C3F21E-9E5C-41B7-9D94-A716B394A43A}.Debug|x64.Build.0 = Debug|Any CPU
		{85C3F21E-9E5C-41B7-9D94-A716B394A43A}.Debug|x86.ActiveCfg = Debug|Any CPU
		{85C3F21E-9E5C-41B7-9D94-A716B394A43A}.Debug|x86.Build.0 = Debug|Any CPU
		{85C3F21E-9E5C-41B7-9D94-A716B394A43A}.Release|Any CPU.ActiveCfg = Release|Any CPU
		{85C3F21E-9E5C-41B7-9D94-A716B394A43A}.Release|Any CPU.Build.0 = Release|Any CPU
		{85C3F21E-9E5C-41B7-9D94-A716B394A43A}.Release|x64.ActiveCfg = Release|Any CPU
		{85C3F21E-9E5C-41B7-9D94-A716B394A43A}.Release|x64.Build.0 = Release|Any CPU
		{85C3F21E-9E5C-41B7-9D94-A716B394A43A}.Release|x86.ActiveCfg = Release|Any CPU
		{85C3F21E-9E5C-41B7-9D94-A716B394A43A}.Release|x86.Build.0 = Release|Any CPU
		{E085A1AA-7354-412A-A4FA-CD5D8602C80D}.Debug|Any CPU.ActiveCfg = Debug|Any CPU
		{E085A1AA-7354-412A-A4FA-CD5D8602C80D}.Debug|Any CPU.Build.0 = Debug|Any CPU
		{E085A1AA-7354-412A-A4FA-CD5D8602C80D}.Debug|x64.ActiveCfg = Debug|Any CPU
		{E085A1AA-7354-412A-A4FA-CD5D8602C80D}.Debug|x64.Build.0 = Debug|Any CPU
		{E085A1AA-7354-412A-A4FA-CD5D8602C80D}.Debug|x86.ActiveCfg = Debug|Any CPU
		{E085A1AA-7354-412A-A4FA-CD5D8602C80D}.Debug|x86.Build.0 = Debug|Any CPU
		{E085A1AA-7354-412A-A4FA-CD5D8602C80D}.Release|Any CPU.ActiveCfg = Release|Any CPU
		{E085A1AA-7354-412A-A4FA-CD5D8602C80D}.Release|Any CPU.Build.0 = Release|Any CPU
		{E085A1AA-7354-412A-A4FA-CD5D8602C80D}.Release|x64.ActiveCfg = Release|Any CPU
		{E085A1AA-7354-412A-A4FA-CD5D8602C80D}.Release|x64.Build.0 = Release|Any CPU
		{E085A1AA-7354-412A-A4FA-CD5D8602C80D}.Release|x86.ActiveCfg = Release|Any CPU
		{E085A1AA-7354-412A-A4FA-CD5D8602C80D}.Release|x86.Build.0 = Release|Any CPU
		{4B766528-357B-4E69-8C72-A7EA93F80EA0}.Debug|Any CPU.ActiveCfg = Debug|Any CPU
		{4B766528-357B-4E69-8C72-A7EA93F80EA0}.Debug|Any CPU.Build.0 = Debug|Any CPU
		{4B766528-357B-4E69-8C72-A7EA93F80EA0}.Debug|x64.ActiveCfg = Debug|Any CPU
		{4B766528-357B-4E69-8C72-A7EA93F80EA0}.Debug|x64.Build.0 = Debug|Any CPU
		{4B766528-357B-4E69-8C72-A7EA93F80EA0}.Debug|x86.ActiveCfg = Debug|Any CPU
		{4B766528-357B-4E69-8C72-A7EA93F80EA0}.Debug|x86.Build.0 = Debug|Any CPU
		{4B766528-357B-4E69-8C72-A7EA93F80EA0}.Release|Any CPU.ActiveCfg = Release|Any CPU
		{4B766528-357B-4E69-8C72-A7EA93F80EA0}.Release|Any CPU.Build.0 = Release|Any CPU
		{4B766528-357B-4E69-8C72-A7EA93F80EA0}.Release|x64.ActiveCfg = Release|Any CPU
		{4B766528-357B-4E69-8C72-A7EA93F80EA0}.Release|x64.Build.0 = Release|Any CPU
		{4B766528-357B-4E69-8C72-A7EA93F80EA0}.Release|x86.ActiveCfg = Release|Any CPU
		{4B766528-357B-4E69-8C72-A7EA93F80EA0}.Release|x86.Build.0 = Release|Any CPU
		{13DB9E03-48C5-4E2C-95F6-61A4154B447D}.Debug|Any CPU.ActiveCfg = Debug|Any CPU
		{13DB9E03-48C5-4E2C-95F6-61A4154B447D}.Debug|Any CPU.Build.0 = Debug|Any CPU
		{13DB9E03-48C5-4E2C-95F6-61A4154B447D}.Debug|x64.ActiveCfg = Debug|Any CPU
		{13DB9E03-48C5-4E2C-95F6-61A4154B447D}.Debug|x64.Build.0 = Debug|Any CPU
		{13DB9E03-48C5-4E2C-95F6-61A4154B447D}.Debug|x86.ActiveCfg = Debug|Any CPU
		{13DB9E03-48C5-4E2C-95F6-61A4154B447D}.Debug|x86.Build.0 = Debug|Any CPU
		{13DB9E03-48C5-4E2C-95F6-61A4154B447D}.Release|Any CPU.ActiveCfg = Release|Any CPU
		{13DB9E03-48C5-4E2C-95F6-61A4154B447D}.Release|Any CPU.Build.0 = Release|Any CPU
		{13DB9E03-48C5-4E2C-95F6-61A4154B447D}.Release|x64.ActiveCfg = Release|Any CPU
		{13DB9E03-48C5-4E2C-95F6-61A4154B447D}.Release|x64.Build.0 = Release|Any CPU
		{13DB9E03-48C5-4E2C-95F6-61A4154B447D}.Release|x86.ActiveCfg = Release|Any CPU
		{13DB9E03-48C5-4E2C-95F6-61A4154B447D}.Release|x86.Build.0 = Release|Any CPU
		{971E4878-6111-46CA-BC05-23715B017552}.Debug|Any CPU.ActiveCfg = Debug|Any CPU
		{971E4878-6111-46CA-BC05-23715B017552}.Debug|Any CPU.Build.0 = Debug|Any CPU
		{971E4878-6111-46CA-BC05-23715B017552}.Debug|x64.ActiveCfg = Debug|Any CPU
		{971E4878-6111-46CA-BC05-23715B017552}.Debug|x64.Build.0 = Debug|Any CPU
		{971E4878-6111-46CA-BC05-23715B017552}.Debug|x86.ActiveCfg = Debug|Any CPU
		{971E4878-6111-46CA-BC05-23715B017552}.Debug|x86.Build.0 = Debug|Any CPU
		{971E4878-6111-46CA-BC05-23715B017552}.Release|Any CPU.ActiveCfg = Release|Any CPU
		{971E4878-6111-46CA-BC05-23715B017552}.Release|Any CPU.Build.0 = Release|Any CPU
		{971E4878-6111-46CA-BC05-23715B017552}.Release|x64.ActiveCfg = Release|Any CPU
		{971E4878-6111-46CA-BC05-23715B017552}.Release|x64.Build.0 = Release|Any CPU
		{971E4878-6111-46CA-BC05-23715B017552}.Release|x86.ActiveCfg = Release|Any CPU
		{971E4878-6111-46CA-BC05-23715B017552}.Release|x86.Build.0 = Release|Any CPU
		{2E18E192-4F54-4452-A6ED-3BF9EAFC4EA0}.Debug|Any CPU.ActiveCfg = Debug|Any CPU
		{2E18E192-4F54-4452-A6ED-3BF9EAFC4EA0}.Debug|Any CPU.Build.0 = Debug|Any CPU
		{2E18E192-4F54-4452-A6ED-3BF9EAFC4EA0}.Debug|x64.ActiveCfg = Debug|Any CPU
		{2E18E192-4F54-4452-A6ED-3BF9EAFC4EA0}.Debug|x64.Build.0 = Debug|Any CPU
		{2E18E192-4F54-4452-A6ED-3BF9EAFC4EA0}.Debug|x86.ActiveCfg = Debug|Any CPU
		{2E18E192-4F54-4452-A6ED-3BF9EAFC4EA0}.Debug|x86.Build.0 = Debug|Any CPU
		{2E18E192-4F54-4452-A6ED-3BF9EAFC4EA0}.Release|Any CPU.ActiveCfg = Release|Any CPU
		{2E18E192-4F54-4452-A6ED-3BF9EAFC4EA0}.Release|Any CPU.Build.0 = Release|Any CPU
		{2E18E192-4F54-4452-A6ED-3BF9EAFC4EA0}.Release|x64.ActiveCfg = Release|Any CPU
		{2E18E192-4F54-4452-A6ED-3BF9EAFC4EA0}.Release|x64.Build.0 = Release|Any CPU
		{2E18E192-4F54-4452-A6ED-3BF9EAFC4EA0}.Release|x86.ActiveCfg = Release|Any CPU
		{2E18E192-4F54-4452-A6ED-3BF9EAFC4EA0}.Release|x86.Build.0 = Release|Any CPU
		{F29F446B-2ABA-4940-B10E-8D8207A49433}.Debug|Any CPU.ActiveCfg = Debug|Any CPU
		{F29F446B-2ABA-4940-B10E-8D8207A49433}.Debug|Any CPU.Build.0 = Debug|Any CPU
		{F29F446B-2ABA-4940-B10E-8D8207A49433}.Debug|x64.ActiveCfg = Debug|Any CPU
		{F29F446B-2ABA-4940-B10E-8D8207A49433}.Debug|x64.Build.0 = Debug|Any CPU
		{F29F446B-2ABA-4940-B10E-8D8207A49433}.Debug|x86.ActiveCfg = Debug|Any CPU
		{F29F446B-2ABA-4940-B10E-8D8207A49433}.Debug|x86.Build.0 = Debug|Any CPU
		{F29F446B-2ABA-4940-B10E-8D8207A49433}.Release|Any CPU.ActiveCfg = Release|Any CPU
		{F29F446B-2ABA-4940-B10E-8D8207A49433}.Release|Any CPU.Build.0 = Release|Any CPU
		{F29F446B-2ABA-4940-B10E-8D8207A49433}.Release|x64.ActiveCfg = Release|Any CPU
		{F29F446B-2ABA-4940-B10E-8D8207A49433}.Release|x64.Build.0 = Release|Any CPU
		{F29F446B-2ABA-4940-B10E-8D8207A49433}.Release|x86.ActiveCfg = Release|Any CPU
		{F29F446B-2ABA-4940-B10E-8D8207A49433}.Release|x86.Build.0 = Release|Any CPU
		{0E02F825-5804-4375-B20A-351CAF7D847F}.Debug|Any CPU.ActiveCfg = Debug|Any CPU
		{0E02F825-5804-4375-B20A-351CAF7D847F}.Debug|Any CPU.Build.0 = Debug|Any CPU
		{0E02F825-5804-4375-B20A-351CAF7D847F}.Debug|x64.ActiveCfg = Debug|Any CPU
		{0E02F825-5804-4375-B20A-351CAF7D847F}.Debug|x64.Build.0 = Debug|Any CPU
		{0E02F825-5804-4375-B20A-351CAF7D847F}.Debug|x86.ActiveCfg = Debug|Any CPU
		{0E02F825-5804-4375-B20A-351CAF7D847F}.Debug|x86.Build.0 = Debug|Any CPU
		{0E02F825-5804-4375-B20A-351CAF7D847F}.Release|Any CPU.ActiveCfg = Release|Any CPU
		{0E02F825-5804-4375-B20A-351CAF7D847F}.Release|Any CPU.Build.0 = Release|Any CPU
		{0E02F825-5804-4375-B20A-351CAF7D847F}.Release|x64.ActiveCfg = Release|Any CPU
		{0E02F825-5804-4375-B20A-351CAF7D847F}.Release|x64.Build.0 = Release|Any CPU
		{0E02F825-5804-4375-B20A-351CAF7D847F}.Release|x86.ActiveCfg = Release|Any CPU
		{0E02F825-5804-4375-B20A-351CAF7D847F}.Release|x86.Build.0 = Release|Any CPU
		{23381EA3-75E9-4FF9-A5F7-17F299C0A93D}.Debug|Any CPU.ActiveCfg = Debug|Any CPU
		{23381EA3-75E9-4FF9-A5F7-17F299C0A93D}.Debug|Any CPU.Build.0 = Debug|Any CPU
		{23381EA3-75E9-4FF9-A5F7-17F299C0A93D}.Debug|x64.ActiveCfg = Debug|Any CPU
		{23381EA3-75E9-4FF9-A5F7-17F299C0A93D}.Debug|x64.Build.0 = Debug|Any CPU
		{23381EA3-75E9-4FF9-A5F7-17F299C0A93D}.Debug|x86.ActiveCfg = Debug|Any CPU
		{23381EA3-75E9-4FF9-A5F7-17F299C0A93D}.Debug|x86.Build.0 = Debug|Any CPU
		{23381EA3-75E9-4FF9-A5F7-17F299C0A93D}.Release|Any CPU.ActiveCfg = Release|Any CPU
		{23381EA3-75E9-4FF9-A5F7-17F299C0A93D}.Release|Any CPU.Build.0 = Release|Any CPU
		{23381EA3-75E9-4FF9-A5F7-17F299C0A93D}.Release|x64.ActiveCfg = Release|Any CPU
		{23381EA3-75E9-4FF9-A5F7-17F299C0A93D}.Release|x64.Build.0 = Release|Any CPU
		{23381EA3-75E9-4FF9-A5F7-17F299C0A93D}.Release|x86.ActiveCfg = Release|Any CPU
		{23381EA3-75E9-4FF9-A5F7-17F299C0A93D}.Release|x86.Build.0 = Release|Any CPU
	EndGlobalSection
	GlobalSection(SolutionProperties) = preSolution
		HideSolutionNode = FALSE
	EndGlobalSection
	GlobalSection(NestedProjects) = preSolution
		{E719FF2A-88FF-4560-9BA4-BDBC1208ADDC} = {827E0CD3-B72D-47B6-A68D-7590B98EB39B}
		{CEECFD38-4794-4AA5-86E1-77A1D4E74FC5} = {827E0CD3-B72D-47B6-A68D-7590B98EB39B}
		{B50AFC59-8C75-4983-9058-0DB52FD6B5B7} = {827E0CD3-B72D-47B6-A68D-7590B98EB39B}
		{34407592-CBD5-4C6B-94F4-198F06EB8846} = {827E0CD3-B72D-47B6-A68D-7590B98EB39B}
		{69677024-E100-4AF9-994B-09513CBD6F0F} = {827E0CD3-B72D-47B6-A68D-7590B98EB39B}
		{EC447DCF-ABFA-6E24-52A5-D7FD48A5C558} = {827E0CD3-B72D-47B6-A68D-7590B98EB39B}
		{78D7A6C3-DBFE-4B06-920C-32D01ADDCC6C} = {EC447DCF-ABFA-6E24-52A5-D7FD48A5C558}
		{FB97EBEC-4E3D-4442-BEA8-CEAC6C7E9D86} = {EC447DCF-ABFA-6E24-52A5-D7FD48A5C558}
		{8CBB3469-FE9C-414B-8883-8AA0CC2484DB} = {EC447DCF-ABFA-6E24-52A5-D7FD48A5C558}
		{9BD0D7A9-1B17-42CD-9FED-C86A8A7A370E} = {EC447DCF-ABFA-6E24-52A5-D7FD48A5C558}
		{6656343B-651C-4FAF-A328-C191E1092683} = {EC447DCF-ABFA-6E24-52A5-D7FD48A5C558}
		{85C3F21E-9E5C-41B7-9D94-A716B394A43A} = {EC447DCF-ABFA-6E24-52A5-D7FD48A5C558}
		{E085A1AA-7354-412A-A4FA-CD5D8602C80D} = {EC447DCF-ABFA-6E24-52A5-D7FD48A5C558}
		{4B766528-357B-4E69-8C72-A7EA93F80EA0} = {EC447DCF-ABFA-6E24-52A5-D7FD48A5C558}
		{13DB9E03-48C5-4E2C-95F6-61A4154B447D} = {EC447DCF-ABFA-6E24-52A5-D7FD48A5C558}
		{971E4878-6111-46CA-BC05-23715B017552} = {EC447DCF-ABFA-6E24-52A5-D7FD48A5C558}
		{2E18E192-4F54-4452-A6ED-3BF9EAFC4EA0} = {EC447DCF-ABFA-6E24-52A5-D7FD48A5C558}
		{F29F446B-2ABA-4940-B10E-8D8207A49433} = {0AB3BF05-4346-4AA6-1389-037BE0695223}
		{0E02F825-5804-4375-B20A-351CAF7D847F} = {0AB3BF05-4346-4AA6-1389-037BE0695223}
		{23381EA3-75E9-4FF9-A5F7-17F299C0A93D} = {0AB3BF05-4346-4AA6-1389-037BE0695223}
	EndGlobalSection
EndGlobal
